
Microsoft Visual Studio Solution File, Format Version 12.00
# Visual Studio Version 17
VisualStudioVersion = 17.12.35707.178
MinimumVisualStudioVersion = 10.0.40219.1
Project("{FAE04EC0-301F-11D3-BF4B-00C04F79EFBC}") = "Erro", "Erro.csproj", "{B562343A-6896-4B44-B9A0-9747D1D26657}"
EndProject
Project("{2150E333-8FDC-42A3-9474-1A3956D46DE8}") = "Atividades", "Atividades", "{73BB5439-4E42-4351-B92A-2DA50F4BEC7B}"
EndProject
Project("{FAE04EC0-301F-11D3-BF4B-00C04F79EFBC}") = "Atividade10", "..\Atividade10\Atividade10.csproj", "{94C733F4-59F9-44C0-8CFD-46BD95AB6649}"
EndProject
Project("{FAE04EC0-301F-11D3-BF4B-00C04F79EFBC}") = "Atividade2", "..\Atividade2\Atividade2.csproj", "{B860F4D9-DD5B-44C9-BC41-C68DDBB905DE}"
EndProject
Project("{FAE04EC0-301F-11D3-BF4B-00C04F79EFBC}") = "Atividade3", "..\Atividade3\Atividade3.csproj", "{2FE54877-8BD7-476F-B194-8DEECDB2371F}"
EndProject
Project("{FAE04EC0-301F-11D3-BF4B-00C04F79EFBC}") = "Atividade4", "..\Atividade4\Atividade4.csproj", "{EEE4E292-B1C6-4EF6-9513-4CFB595943F4}"
EndProject
Project("{FAE04EC0-301F-11D3-BF4B-00C04F79EFBC}") = "atividade5", "..\atividade5\atividade5.csproj", "{76A96864-E279-40EB-9090-AAB555349A5C}"
EndProject
Project("{FAE04EC0-301F-11D3-BF4B-00C04F79EFBC}") = "Atividade6", "..\Atividade6\Atividade6.csproj", "{67C057B7-AC15-4BEA-B901-945F1E1E9A9D}"
EndProject
Project("{FAE04EC0-301F-11D3-BF4B-00C04F79EFBC}") = "Atividade7", "..\Atividade7\Atividade7.csproj", "{95496EB2-FD1E-4299-B64B-C1FF70939E42}"
EndProject
Project("{FAE04EC0-301F-11D3-BF4B-00C04F79EFBC}") = "atividade8", "..\atividade8\atividade8.csproj", "{595C9AA7-7093-4509-AA58-11AD2AFFD1C9}"
EndProject
Project("{FAE04EC0-301F-11D3-BF4B-00C04F79EFBC}") = "Atividade9", "..\Atividade9\Atividade9.csproj", "{AB3B8EFA-0120-4F8F-BB07-80A2421DE2D6}"
EndProject
Project("{FAE04EC0-301F-11D3-BF4B-00C04F79EFBC}") = "Atividade11", "..\Atividade11\Atividade11.csproj", "{4A5881ED-C679-4777-979D-7FE9D6B2E00A}"
EndProject
Project("{FAE04EC0-301F-11D3-BF4B-00C04F79EFBC}") = "Atividade12", "..\Atividade12\Atividade12.csproj", "{A6008754-1B30-4EF4-B9A0-A4FCFDF4CF1C}"
EndProject
Project("{FAE04EC0-301F-11D3-BF4B-00C04F79EFBC}") = "Atividade1", "..\Atividade1\Atividade1.csproj", "{BCF91BF6-1657-4FBD-87C9-4C2A8CF1AB70}"
EndProject
Global
	GlobalSection(SolutionConfigurationPlatforms) = preSolution
		Debug|Any CPU = Debug|Any CPU
		Release|Any CPU = Release|Any CPU
	EndGlobalSection
	GlobalSection(ProjectConfigurationPlatforms) = postSolution
		{B562343A-6896-4B44-B9A0-9747D1D26657}.Debug|Any CPU.ActiveCfg = Debug|Any CPU
		{B562343A-6896-4B44-B9A0-9747D1D26657}.Debug|Any CPU.Build.0 = Debug|Any CPU
		{B562343A-6896-4B44-B9A0-9747D1D26657}.Release|Any CPU.ActiveCfg = Release|Any CPU
		{B562343A-6896-4B44-B9A0-9747D1D26657}.Release|Any CPU.Build.0 = Release|Any CPU
		{94C733F4-59F9-44C0-8CFD-46BD95AB6649}.Debug|Any CPU.ActiveCfg = Debug|Any CPU
		{94C733F4-59F9-44C0-8CFD-46BD95AB6649}.Debug|Any CPU.Build.0 = Debug|Any CPU
		{94C733F4-59F9-44C0-8CFD-46BD95AB6649}.Release|Any CPU.ActiveCfg = Release|Any CPU
		{94C733F4-59F9-44C0-8CFD-46BD95AB6649}.Release|Any CPU.Build.0 = Release|Any CPU
		{B860F4D9-DD5B-44C9-BC41-C68DDBB905DE}.Debug|Any CPU.ActiveCfg = Debug|Any CPU
		{B860F4D9-DD5B-44C9-BC41-C68DDBB905DE}.Debug|Any CPU.Build.0 = Debug|Any CPU
		{B860F4D9-DD5B-44C9-BC41-C68DDBB905DE}.Release|Any CPU.ActiveCfg = Release|Any CPU
		{B860F4D9-DD5B-44C9-BC41-C68DDBB905DE}.Release|Any CPU.Build.0 = Release|Any CPU
		{2FE54877-8BD7-476F-B194-8DEECDB2371F}.Debug|Any CPU.ActiveCfg = Debug|Any CPU
		{2FE54877-8BD7-476F-B194-8DEECDB2371F}.Debug|Any CPU.Build.0 = Debug|Any CPU
		{2FE54877-8BD7-476F-B194-8DEECDB2371F}.Release|Any CPU.ActiveCfg = Release|Any CPU
		{2FE54877-8BD7-476F-B194-8DEECDB2371F}.Release|Any CPU.Build.0 = Release|Any CPU
		{EEE4E292-B1C6-4EF6-9513-4CFB595943F4}.Debug|Any CPU.ActiveCfg = Debug|Any CPU
		{EEE4E292-B1C6-4EF6-9513-4CFB595943F4}.Debug|Any CPU.Build.0 = Debug|Any CPU
		{EEE4E292-B1C6-4EF6-9513-4CFB595943F4}.Release|Any CPU.ActiveCfg = Release|Any CPU
		{EEE4E292-B1C6-4EF6-9513-4CFB595943F4}.Release|Any CPU.Build.0 = Release|Any CPU
		{76A96864-E279-40EB-9090-AAB555349A5C}.Debug|Any CPU.ActiveCfg = Debug|Any CPU
		{76A96864-E279-40EB-9090-AAB555349A5C}.Debug|Any CPU.Build.0 = Debug|Any CPU
		{76A96864-E279-40EB-9090-AAB555349A5C}.Release|Any CPU.ActiveCfg = Release|Any CPU
		{76A96864-E279-40EB-9090-AAB555349A5C}.Release|Any CPU.Build.0 = Release|Any CPU
		{67C057B7-AC15-4BEA-B901-945F1E1E9A9D}.Debug|Any CPU.ActiveCfg = Debug|Any CPU
		{67C057B7-AC15-4BEA-B901-945F1E1E9A9D}.Debug|Any CPU.Build.0 = Debug|Any CPU
		{67C057B7-AC15-4BEA-B901-945F1E1E9A9D}.Release|Any CPU.ActiveCfg = Release|Any CPU
		{67C057B7-AC15-4BEA-B901-945F1E1E9A9D}.Release|Any CPU.Build.0 = Release|Any CPU
		{95496EB2-FD1E-4299-B64B-C1FF70939E42}.Debug|Any CPU.ActiveCfg = Debug|Any CPU
		{95496EB2-FD1E-4299-B64B-C1FF70939E42}.Debug|Any CPU.Build.0 = Debug|Any CPU
		{95496EB2-FD1E-4299-B64B-C1FF70939E42}.Release|Any CPU.ActiveCfg = Release|Any CPU
		{95496EB2-FD1E-4299-B64B-C1FF70939E42}.Release|Any CPU.Build.0 = Release|Any CPU
		{595C9AA7-7093-4509-AA58-11AD2AFFD1C9}.Debug|Any CPU.ActiveCfg = Debug|Any CPU
		{595C9AA7-7093-4509-AA58-11AD2AFFD1C9}.Debug|Any CPU.Build.0 = Debug|Any CPU
		{595C9AA7-7093-4509-AA58-11AD2AFFD1C9}.Release|Any CPU.ActiveCfg = Release|Any CPU
		{595C9AA7-7093-4509-AA58-11AD2AFFD1C9}.Release|Any CPU.Build.0 = Release|Any CPU
		{AB3B8EFA-0120-4F8F-BB07-80A2421DE2D6}.Debug|Any CPU.ActiveCfg = Debug|Any CPU
		{AB3B8EFA-0120-4F8F-BB07-80A2421DE2D6}.Debug|Any CPU.Build.0 = Debug|Any CPU
		{AB3B8EFA-0120-4F8F-BB07-80A2421DE2D6}.Release|Any CPU.ActiveCfg = Release|Any CPU
		{AB3B8EFA-0120-4F8F-BB07-80A2421DE2D6}.Release|Any CPU.Build.0 = Release|Any CPU
		{4A5881ED-C679-4777-979D-7FE9D6B2E00A}.Debug|Any CPU.ActiveCfg = Debug|Any CPU
		{4A5881ED-C679-4777-979D-7FE9D6B2E00A}.Debug|Any CPU.Build.0 = Debug|Any CPU
		{4A5881ED-C679-4777-979D-7FE9D6B2E00A}.Release|Any CPU.ActiveCfg = Release|Any CPU
		{4A5881ED-C679-4777-979D-7FE9D6B2E00A}.Release|Any CPU.Build.0 = Release|Any CPU
		{A6008754-1B30-4EF4-B9A0-A4FCFDF4CF1C}.Debug|Any CPU.ActiveCfg = Debug|Any CPU
		{A6008754-1B30-4EF4-B9A0-A4FCFDF4CF1C}.Debug|Any CPU.Build.0 = Debug|Any CPU
		{A6008754-1B30-4EF4-B9A0-A4FCFDF4CF1C}.Release|Any CPU.ActiveCfg = Release|Any CPU
		{A6008754-1B30-4EF4-B9A0-A4FCFDF4CF1C}.Release|Any CPU.Build.0 = Release|Any CPU
		{BCF91BF6-1657-4FBD-87C9-4C2A8CF1AB70}.Debug|Any CPU.ActiveCfg = Debug|Any CPU
		{BCF91BF6-1657-4FBD-87C9-4C2A8CF1AB70}.Debug|Any CPU.Build.0 = Debug|Any CPU
		{BCF91BF6-1657-4FBD-87C9-4C2A8CF1AB70}.Release|Any CPU.ActiveCfg = Release|Any CPU
		{BCF91BF6-1657-4FBD-87C9-4C2A8CF1AB70}.Release|Any CPU.Build.0 = Release|Any CPU
	EndGlobalSection
	GlobalSection(SolutionProperties) = preSolution
		HideSolutionNode = FALSE
	EndGlobalSection
	GlobalSection(NestedProjects) = preSolution
		{B562343A-6896-4B44-B9A0-9747D1D26657} = {73BB5439-4E42-4351-B92A-2DA50F4BEC7B}
		{94C733F4-59F9-44C0-8CFD-46BD95AB6649} = {73BB5439-4E42-4351-B92A-2DA50F4BEC7B}
		{B860F4D9-DD5B-44C9-BC41-C68DDBB905DE} = {73BB5439-4E42-4351-B92A-2DA50F4BEC7B}
		{2FE54877-8BD7-476F-B194-8DEECDB2371F} = {73BB5439-4E42-4351-B92A-2DA50F4BEC7B}
		{EEE4E292-B1C6-4EF6-9513-4CFB595943F4} = {73BB5439-4E42-4351-B92A-2DA50F4BEC7B}
		{76A96864-E279-40EB-9090-AAB555349A5C} = {73BB5439-4E42-4351-B92A-2DA50F4BEC7B}
		{67C057B7-AC15-4BEA-B901-945F1E1E9A9D} = {73BB5439-4E42-4351-B92A-2DA50F4BEC7B}
		{95496EB2-FD1E-4299-B64B-C1FF70939E42} = {73BB5439-4E42-4351-B92A-2DA50F4BEC7B}
		{595C9AA7-7093-4509-AA58-11AD2AFFD1C9} = {73BB5439-4E42-4351-B92A-2DA50F4BEC7B}
		{AB3B8EFA-0120-4F8F-BB07-80A2421DE2D6} = {73BB5439-4E42-4351-B92A-2DA50F4BEC7B}
		{4A5881ED-C679-4777-979D-7FE9D6B2E00A} = {73BB5439-4E42-4351-B92A-2DA50F4BEC7B}
		{A6008754-1B30-4EF4-B9A0-A4FCFDF4CF1C} = {73BB5439-4E42-4351-B92A-2DA50F4BEC7B}
		{BCF91BF6-1657-4FBD-87C9-4C2A8CF1AB70} = {73BB5439-4E42-4351-B92A-2DA50F4BEC7B}
	EndGlobalSection
EndGlobal
